
Microsoft Visual Studio Solution File, Format Version 12.00
# Visual Studio Version 16
VisualStudioVersion = 16.0.30320.27
MinimumVisualStudioVersion = 10.0.40219.1
Project("{FAE04EC0-301F-11D3-BF4B-00C04F79EFBC}") = "BurgerSpot.Android", "BurgerSpot.Android\BurgerSpot.Android.csproj", "{0A25C72B-6137-41F5-8E0F-14073266F59F}"
EndProject
Project("{FAE04EC0-301F-11D3-BF4B-00C04F79EFBC}") = "BurgerSpot.iOS", "BurgerSpot.iOS\BurgerSpot.iOS.csproj", "{31E71BBB-5AC1-4D46-A436-58FDADE9DB62}"
EndProject
Project("{FAE04EC0-301F-11D3-BF4B-00C04F79EFBC}") = "BurgerSpot", "BurgerSpot\BurgerSpot.csproj", "{D2328195-3B3A-4CED-8E50-07FABAB88F5F}"
EndProject
Global
	GlobalSection(SolutionConfigurationPlatforms) = preSolution
		Debug|Any CPU = Debug|Any CPU
		Debug|iPhone = Debug|iPhone
		Debug|iPhoneSimulator = Debug|iPhoneSimulator
		Release|Any CPU = Release|Any CPU
		Release|iPhone = Release|iPhone
		Release|iPhoneSimulator = Release|iPhoneSimulator
	EndGlobalSection
	GlobalSection(ProjectConfigurationPlatforms) = postSolution
		{0A25C72B-6137-41F5-8E0F-14073266F59F}.Debug|Any CPU.ActiveCfg = Debug|Any CPU
		{0A25C72B-6137-41F5-8E0F-14073266F59F}.Debug|Any CPU.Build.0 = Debug|Any CPU
		{0A25C72B-6137-41F5-8E0F-14073266F59F}.Debug|Any CPU.Deploy.0 = Debug|Any CPU
		{0A25C72B-6137-41F5-8E0F-14073266F59F}.Debug|iPhone.ActiveCfg = Debug|Any CPU
		{0A25C72B-6137-41F5-8E0F-14073266F59F}.Debug|iPhone.Build.0 = Debug|Any CPU
		{0A25C72B-6137-41F5-8E0F-14073266F59F}.Debug|iPhone.Deploy.0 = Debug|Any CPU
		{0A25C72B-6137-41F5-8E0F-14073266F59F}.Debug|iPhoneSimulator.ActiveCfg = Debug|Any CPU
		{0A25C72B-6137-41F5-8E0F-14073266F59F}.Debug|iPhoneSimulator.Build.0 = Debug|Any CPU
		{0A25C72B-6137-41F5-8E0F-14073266F59F}.Debug|iPhoneSimulator.Deploy.0 = Debug|Any CPU
		{0A25C72B-6137-41F5-8E0F-14073266F59F}.Release|Any CPU.ActiveCfg = Release|Any CPU
		{0A25C72B-6137-41F5-8E0F-14073266F59F}.Release|Any CPU.Build.0 = Release|Any CPU
		{0A25C72B-6137-41F5-8E0F-14073266F59F}.Release|Any CPU.Deploy.0 = Release|Any CPU
		{0A25C72B-6137-41F5-8E0F-14073266F59F}.Release|iPhone.ActiveCfg = Release|Any CPU
		{0A25C72B-6137-41F5-8E0F-14073266F59F}.Release|iPhone.Build.0 = Release|Any CPU
		{0A25C72B-6137-41F5-8E0F-14073266F59F}.Release|iPhone.Deploy.0 = Release|Any CPU
		{0A25C72B-6137-41F5-8E0F-14073266F59F}.Release|iPhoneSimulator.ActiveCfg = Release|Any CPU
		{0A25C72B-6137-41F5-8E0F-14073266F59F}.Release|iPhoneSimulator.Build.0 = Release|Any CPU
		{0A25C72B-6137-41F5-8E0F-14073266F59F}.Release|iPhoneSimulator.Deploy.0 = Release|Any CPU
		{31E71BBB-5AC1-4D46-A436-58FDADE9DB62}.Debug|Any CPU.ActiveCfg = Debug|iPhone
		{31E71BBB-5AC1-4D46-A436-58FDADE9DB62}.Debug|Any CPU.Build.0 = Debug|iPhone
		{31E71BBB-5AC1-4D46-A436-58FDADE9DB62}.Debug|Any CPU.Deploy.0 = Debug|iPhone
		{31E71BBB-5AC1-4D46-A436-58FDADE9DB62}.Debug|iPhone.ActiveCfg = Debug|iPhone
		{31E71BBB-5AC1-4D46-A436-58FDADE9DB62}.Debug|iPhone.Build.0 = Debug|iPhone
		{31E71BBB-5AC1-4D46-A436-58FDADE9DB62}.Debug|iPhone.Deploy.0 = Debug|iPhone
		{31E71BBB-5AC1-4D46-A436-58FDADE9DB62}.Debug|iPhoneSimulator.ActiveCfg = Debug|iPhoneSimulator
		{31E71BBB-5AC1-4D46-A436-58FDADE9DB62}.Debug|iPhoneSimulator.Build.0 = Debug|iPhoneSimulator
		{31E71BBB-5AC1-4D46-A436-58FDADE9DB62}.Debug|iPhoneSimulator.Deploy.0 = Debug|iPhoneSimulator
		{31E71BBB-5AC1-4D46-A436-58FDADE9DB62}.Release|Any CPU.ActiveCfg = Release|iPhone
		{31E71BBB-5AC1-4D46-A436-58FDADE9DB62}.Release|Any CPU.Build.0 = Release|iPhone
		{31E71BBB-5AC1-4D46-A436-58FDADE9DB62}.Release|Any CPU.Deploy.0 = Release|iPhone
		{31E71BBB-5AC1-4D46-A436-58FDADE9DB62}.Release|iPhone.ActiveCfg = Release|iPhone
		{31E71BBB-5AC1-4D46-A436-58FDADE9DB62}.Release|iPhone.Build.0 = Release|iPhone
		{31E71BBB-5AC1-4D46-A436-58FDADE9DB62}.Release|iPhone.Deploy.0 = Release|iPhone
		{31E71BBB-5AC1-4D46-A436-58FDADE9DB62}.Release|iPhoneSimulator.ActiveCfg = Release|iPhoneSimulator
		{31E71BBB-5AC1-4D46-A436-58FDADE9DB62}.Release|iPhoneSimulator.Build.0 = Release|iPhoneSimulator
		{31E71BBB-5AC1-4D46-A436-58FDADE9DB62}.Release|iPhoneSimulator.Deploy.0 = Release|iPhoneSimulator
		{D2328195-3B3A-4CED-8E50-07FABAB88F5F}.Debug|Any CPU.ActiveCfg = Debug|Any CPU
		{D2328195-3B3A-4CED-8E50-07FABAB88F5F}.Debug|Any CPU.Build.0 = Debug|Any CPU
		{D2328195-3B3A-4CED-8E50-07FABAB88F5F}.Debug|Any CPU.Deploy.0 = Debug|Any CPU
		{D2328195-3B3A-4CED-8E50-07FABAB88F5F}.Debug|iPhone.ActiveCfg = Debug|Any CPU
		{D2328195-3B3A-4CED-8E50-07FABAB88F5F}.Debug|iPhone.Build.0 = Debug|Any CPU
		{D2328195-3B3A-4CED-8E50-07FABAB88F5F}.Debug|iPhone.Deploy.0 = Debug|Any CPU
		{D2328195-3B3A-4CED-8E50-07FABAB88F5F}.Debug|iPhoneSimulator.ActiveCfg = Debug|Any CPU
		{D2328195-3B3A-4CED-8E50-07FABAB88F5F}.Debug|iPhoneSimulator.Build.0 = Debug|Any CPU
		{D2328195-3B3A-4CED-8E50-07FABAB88F5F}.Debug|iPhoneSimulator.Deploy.0 = Debug|Any CPU
		{D2328195-3B3A-4CED-8E50-07FABAB88F5F}.Release|Any CPU.ActiveCfg = Release|Any CPU
		{D2328195-3B3A-4CED-8E50-07FABAB88F5F}.Release|Any CPU.Build.0 = Release|Any CPU
		{D2328195-3B3A-4CED-8E50-07FABAB88F5F}.Release|Any CPU.Deploy.0 = Release|Any CPU
		{D2328195-3B3A-4CED-8E50-07FABAB88F5F}.Release|iPhone.ActiveCfg = Release|Any CPU
		{D2328195-3B3A-4CED-8E50-07FABAB88F5F}.Release|iPhone.Build.0 = Release|Any CPU
		{D2328195-3B3A-4CED-8E50-07FABAB88F5F}.Release|iPhone.Deploy.0 = Release|Any CPU
		{D2328195-3B3A-4CED-8E50-07FABAB88F5F}.Release|iPhoneSimulator.ActiveCfg = Release|Any CPU
		{D2328195-3B3A-4CED-8E50-07FABAB88F5F}.Release|iPhoneSimulator.Build.0 = Release|Any CPU
		{D2328195-3B3A-4CED-8E50-07FABAB88F5F}.Release|iPhoneSimulator.Deploy.0 = Release|Any CPU
	EndGlobalSection
	GlobalSection(SolutionProperties) = preSolution
		HideSolutionNode = FALSE
	EndGlobalSection
	GlobalSection(ExtensibilityGlobals) = postSolution
		SolutionGuid = {418F28FB-FCA5-46E3-9E06-F2ECA3B5EF2E}
	EndGlobalSection
EndGlobal
